
Microsoft Visual Studio Solution File, Format Version 12.00
# Visual Studio Version 17
VisualStudioVersion = 17.0.32002.185
MinimumVisualStudioVersion = 10.0.40219.1
Project("{9A19103F-16F7-4668-BE54-9A1E7A4F7556}") = "MichelMichels.DobissSharp", "MichelMichels.DobissSharp\MichelMichels.DobissSharp.csproj", "{2388BD84-C442-41A0-86C2-4381F9741906}"
EndProject
Project("{9A19103F-16F7-4668-BE54-9A1E7A4F7556}") = "MichelMichels.DobissSharp.Demo", "MichelMichels.DobissSharp.Demo\MichelMichels.DobissSharp.Demo.csproj", "{2E6E1640-3242-4688-8EF5-52AEB3C272E8}"
EndProject
Global
	GlobalSection(SolutionConfigurationPlatforms) = preSolution
		Debug|Any CPU = Debug|Any CPU
		Release|Any CPU = Release|Any CPU
	EndGlobalSection
	GlobalSection(ProjectConfigurationPlatforms) = postSolution
		{2388BD84-C442-41A0-86C2-4381F9741906}.Debug|Any CPU.ActiveCfg = Debug|Any CPU
		{2388BD84-C442-41A0-86C2-4381F9741906}.Debug|Any CPU.Build.0 = Debug|Any CPU
		{2388BD84-C442-41A0-86C2-4381F9741906}.Release|Any CPU.ActiveCfg = Release|Any CPU
		{2388BD84-C442-41A0-86C2-4381F9741906}.Release|Any CPU.Build.0 = Release|Any CPU
		{2E6E1640-3242-4688-8EF5-52AEB3C272E8}.Debug|Any CPU.ActiveCfg = Debug|Any CPU
		{2E6E1640-3242-4688-8EF5-52AEB3C272E8}.Debug|Any CPU.Build.0 = Debug|Any CPU
		{2E6E1640-3242-4688-8EF5-52AEB3C272E8}.Release|Any CPU.ActiveCfg = Release|Any CPU
		{2E6E1640-3242-4688-8EF5-52AEB3C272E8}.Release|Any CPU.Build.0 = Release|Any CPU
	EndGlobalSection
	GlobalSection(SolutionProperties) = preSolution
		HideSolutionNode = FALSE
	EndGlobalSection
	GlobalSection(ExtensibilityGlobals) = postSolution
		SolutionGuid = {34BCF1B4-943C-4954-9BF4-BB3DD3AFCD3D}
	EndGlobalSection
EndGlobal
